hash: dce5437889bbe9da8621d0d34dfb386cb809159125129b0f69c3e22cc3635470
updated: 2016-09-02T10:42:12.707685635-04:00
imports:
- name: github.com/dave-malone/oauth
  version: 962f63cb4b264e5fd2f539cc02e8e5ecc9601f1d
- name: github.com/golang/protobuf
  version: 1f49d83d9aa00e6ce4fc8258c71cc7786aec968a
  subpackages:
  - proto
- name: golang.org/x/net
  version: 1358eff22f0dd0c54fc521042cc607f6ff4b531a
  subpackages:
  - context
- name: golang.org/x/oauth2
  version: 3c3a985cb79f52a3190fbc056984415ca6763d01
  subpackages:
  - clientcredentials
  - internal
- name: google.golang.org/appengine
  version: 4f7eeb5305a4ba1966344836ba4af9996b7b4e05
  subpackages:
  - urlfetch
  - internal
  - internal/urlfetch
  - internal/base
  - internal/datastore
  - internal/log
  - internal/remote_api
devImports: []
